// !$*UTF8*$!
{
	archiveVersion = 1;
	classes = {
	};
	objectVersion = 50;
	objects = {

/* Begin PBXBuildFile section */
		58049AC5D4D3E533E266FB78 /* libPods-PDLaunchManagerTests.a in Frameworks */ = {isa = PBXBuildFile; fileRef = C8192DA3AC9C8A27B22336D7 /* libPods-PDLaunchManagerTests.a */; };
		5C891A0242290D0A834530E3 /* libPods-PDLaunchManager.a in Frameworks */ = {isa = PBXBuildFile; fileRef = 72AA285FE09A8BF346D9240D /* libPods-PDLaunchManager.a */; };
		DD6CBBE722D73B77006E395B /* AppDelegate.m in Sources */ = {isa = PBXBuildFile; fileRef = DD6CBBE622D73B77006E395B /* AppDelegate.m */; };
		DD6CBBEA22D73B77006E395B /* ViewController.m in Sources */ = {isa = PBXBuildFile; fileRef = DD6CBBE922D73B77006E395B /* ViewController.m */; };
		DD6CBBED22D73B77006E395B /* Main.storyboard in Resources */ = {isa = PBXBuildFile; fileRef = DD6CBBEB22D73B77006E395B /* Main.storyboard */; };
		DD6CBBEF22D73B79006E395B /* Assets.xcassets in Resources */ = {isa = PBXBuildFile; fileRef = DD6CBBEE22D73B79006E395B /* Assets.xcassets */; };
		DD6CBBF222D73B79006E395B /* LaunchScreen.storyboard in Resources */ = {isa = PBXBuildFile; fileRef = DD6CBBF022D73B79006E395B /* LaunchScreen.storyboard */; };
		DD6CBBF522D73B79006E395B /* main.m in Sources */ = {isa = PBXBuildFile; fileRef = DD6CBBF422D73B79006E395B /* main.m */; };
		DD6CBBFF22D73B7A006E395B /* PDLaunchManagerTests.m in Sources */ = {isa = PBXBuildFile; fileRef = DD6CBBFE22D73B7A006E395B /* PDLaunchManagerTests.m */; };
		DD6CBC0A22D73B7A006E395B /* PDLaunchManagerUITests.m in Sources */ = {isa = PBXBuildFile; fileRef = DD6CBC0922D73B7A006E395B /* PDLaunchManagerUITests.m */; };
		DD6CBC1D22D73BB1006E395B /* PDLaunchTask.m in Sources */ = {isa = PBXBuildFile; fileRef = DD6CBC1C22D73BB1006E395B /* PDLaunchTask.m */; };
		DD6CBC2022D73BBC006E395B /* PDLaunchManager.m in Sources */ = {isa = PBXBuildFile; fileRef = DD6CBC1F22D73BBC006E395B /* PDLaunchManager.m */; };
		DD6CBC2622D7436C006E395B /* PDTest1LaunchTask.m in Sources */ = {isa = PBXBuildFile; fileRef = DD6CBC2522D7436C006E395B /* PDTest1LaunchTask.m */; };
		DD6CBC2A22D743C6006E395B /* PDTest2LaunchTask.m in Sources */ = {isa = PBXBuildFile; fileRef = DD6CBC2922D743C6006E395B /* PDTest2LaunchTask.m */; };
		DD6CBC3022D743F4006E395B /* PDTest3LaunchTask.m in Sources */ = {isa = PBXBuildFile; fileRef = DD6CBC2F22D743F4006E395B /* PDTest3LaunchTask.m */; };
		DD6CBC3322D7440F006E395B /* PDTest4LaunchTask.m in Sources */ = {isa = PBXBuildFile; fileRef = DD6CBC3222D7440F006E395B /* PDTest4LaunchTask.m */; };
		DD6CBC3622D74452006E395B /* PDTest5LaunchTask.m in Sources */ = {isa = PBXBuildFile; fileRef = DD6CBC3522D74452006E395B /* PDTest5LaunchTask.m */; };
		DD6CBC3922D74470006E395B /* PDTest6LaunchTask.m in Sources */ = {isa = PBXBuildFile; fileRef = DD6CBC3822D74470006E395B /* PDTest6LaunchTask.m */; };
		DD6CBC3C22D74478006E395B /* PDTest7LaunchTask.m in Sources */ = {isa = PBXBuildFile; fileRef = DD6CBC3B22D74478006E395B /* PDTest7LaunchTask.m */; };
		DD6CBC3F22D74482006E395B /* PDTest8LaunchTask.m in Sources */ = {isa = PBXBuildFile; fileRef = DD6CBC3E22D74482006E395B /* PDTest8LaunchTask.m */; };
		DD6CBC4222D7448B006E395B /* PDTest9LaunchTask.m in Sources */ = {isa = PBXBuildFile; fileRef = DD6CBC4122D7448B006E395B /* PDTest9LaunchTask.m */; };
		DD6CBC4522D74494006E395B /* PDTest10LaunchTask.m in Sources */ = {isa = PBXBuildFile; fileRef = DD6CBC4422D74494006E395B /* PDTest10LaunchTask.m */; };
		DD6CBC4822D7449F006E395B /* PDTest11LaunchTask.m in Sources */ = {isa = PBXBuildFile; fileRef = DD6CBC4722D7449F006E395B /* PDTest11LaunchTask.m */; };
		DD6CBC4B22D744AA006E395B /* PDTest12LaunchTask.m in Sources */ = {isa = PBXBuildFile; fileRef = DD6CBC4A22D744AA006E395B /* PDTest12LaunchTask.m */; };
		DD6CBC4E22D744B3006E395B /* PDTest13LaunchTask.m in Sources */ = {isa = PBXBuildFile; fileRef = DD6CBC4D22D744B3006E395B /* PDTest13LaunchTask.m */; };
		DD6CBC5122D744BD006E395B /* PDTest14LaunchTask.m in Sources */ = {isa = PBXBuildFile; fileRef = DD6CBC5022D744BD006E395B /* PDTest14LaunchTask.m */; };
		E18BDD797FE95BF8408E54DC /* libPods-PDLaunchManagerUITests.a in Frameworks */ = {isa = PBXBuildFile; fileRef = 271497DB7F86574F1CF12B11 /* libPods-PDLaunchManagerUITests.a */; };
/* End PBXBuildFile section */

/* Begin PBXContainerItemProxy section */
		DD6CBBFB22D73B7A006E395B /* PBXContainerItemProxy */ = {
			isa = PBXContainerItemProxy;
			containerPortal = DD6CBBDA22D73B77006E395B /* Project object */;
			proxyType = 1;
			remoteGlobalIDString = DD6CBBE122D73B77006E395B;
			remoteInfo = PDLaunchManager;
		};
		DD6CBC0622D73B7A006E395B /* PBXContainerItemProxy */ = {
			isa = PBXContainerItemProxy;
			containerPortal = DD6CBBDA22D73B77006E395B /* Project object */;
			proxyType = 1;
			remoteGlobalIDString = DD6CBBE122D73B77006E395B;
			remoteInfo = PDLaunchManager;
		};
/* End PBXContainerItemProxy section */

/* Begin PBXFileReference section */
		0B2380FAA86F8163B546AD59 /* Pods-PDLaunchManagerUITests.debug.xcconfig */ = {isa = PBXFileReference; includeInIndex = 1; lastKnownFileType = text.xcconfig; name = "Pods-PDLaunchManagerUITests.debug.xcconfig"; path = "Pods/Target Support Files/Pods-PDLaunchManagerUITests/Pods-PDLaunchManagerUITests.debug.xcconfig"; sourceTree = "<group>"; };
		271497DB7F86574F1CF12B11 /* libPods-PDLaunchManagerUITests.a */ = {isa = PBXFileReference; explicitFileType = archive.ar; includeInIndex = 0; path = "libPods-PDLaunchManagerUITests.a"; sourceTree = BUILT_PRODUCTS_DIR; };
		72AA285FE09A8BF346D9240D /* libPods-PDLaunchManager.a */ = {isa = PBXFileReference; explicitFileType = archive.ar; includeInIndex = 0; path = "libPods-PDLaunchManager.a"; sourceTree = BUILT_PRODUCTS_DIR; };
		A734244493F33CF89C4C98E4 /* Pods-PDLaunchManagerTests.debug.xcconfig */ = {isa = PBXFileReference; includeInIndex = 1; lastKnownFileType = text.xcconfig; name = "Pods-PDLaunchManagerTests.debug.xcconfig"; path = "Pods/Target Support Files/Pods-PDLaunchManagerTests/Pods-PDLaunchManagerTests.debug.xcconfig"; sourceTree = "<group>"; };
		B99E58C0EAD7B7D1EBD7CE11 /* Pods-PDLaunchManager.debug.xcconfig */ = {isa = PBXFileReference; includeInIndex = 1; lastKnownFileType = text.xcconfig; name = "Pods-PDLaunchManager.debug.xcconfig"; path = "Pods/Target Support Files/Pods-PDLaunchManager/Pods-PDLaunchManager.debug.xcconfig"; sourceTree = "<group>"; };
		C8192DA3AC9C8A27B22336D7 /* libPods-PDLaunchManagerTests.a */ = {isa = PBXFileReference; explicitFileType = archive.ar; includeInIndex = 0; path = "libPods-PDLaunchManagerTests.a"; sourceTree = BUILT_PRODUCTS_DIR; };
		CB2B0E21DC661E3702EBAEC2 /* Pods-PDLaunchManager.release.xcconfig */ = {isa = PBXFileReference; includeInIndex = 1; lastKnownFileType = text.xcconfig; name = "Pods-PDLaunchManager.release.xcconfig"; path = "Pods/Target Support Files/Pods-PDLaunchManager/Pods-PDLaunchManager.release.xcconfig"; sourceTree = "<group>"; };
		D1D2488D775AE7BA89F549BE /* Pods-PDLaunchManagerTests.release.xcconfig */ = {isa = PBXFileReference; includeInIndex = 1; lastKnownFileType = text.xcconfig; name = "Pods-PDLaunchManagerTests.release.xcconfig"; path = "Pods/Target Support Files/Pods-PDLaunchManagerTests/Pods-PDLaunchManagerTests.release.xcconfig"; sourceTree = "<group>"; };
		DD6CBBE222D73B77006E395B /* PDLaunchManager.app */ = {isa = PBXFileReference; explicitFileType = wrapper.application; includeInIndex = 0; path = PDLaunchManager.app; sourceTree = BUILT_PRODUCTS_DIR; };
		DD6CBBE522D73B77006E395B /* AppDelegate.h */ = {isa = PBXFileReference; lastKnownFileType = sourcecode.c.h; path = AppDelegate.h; sourceTree = "<group>"; };
		DD6CBBE622D73B77006E395B /* AppDelegate.m */ = {isa = PBXFileReference; lastKnownFileType = sourcecode.c.objc; path = AppDelegate.m; sourceTree = "<group>"; };
		DD6CBBE822D73B77006E395B /* ViewController.h */ = {isa = PBXFileReference; lastKnownFileType = sourcecode.c.h; path = ViewController.h; sourceTree = "<group>"; };
		DD6CBBE922D73B77006E395B /* ViewController.m */ = {isa = PBXFileReference; lastKnownFileType = sourcecode.c.objc; path = ViewController.m; sourceTree = "<group>"; };
		DD6CBBEC22D73B77006E395B /* Base */ = {isa = PBXFileReference; lastKnownFileType = file.storyboard; name = Base; path = Base.lproj/Main.storyboard; sourceTree = "<group>"; };
		DD6CBBEE22D73B79006E395B /* Assets.xcassets */ = {isa = PBXFileReference; lastKnownFileType = folder.assetcatalog; path = Assets.xcassets; sourceTree = "<group>"; };
		DD6CBBF122D73B79006E395B /* Base */ = {isa = PBXFileReference; lastKnownFileType = file.storyboard; name = Base; path = Base.lproj/LaunchScreen.storyboard; sourceTree = "<group>"; };
		DD6CBBF322D73B79006E395B /* Info.plist */ = {isa = PBXFileReference; lastKnownFileType = text.plist.xml; path = Info.plist; sourceTree = "<group>"; };
		DD6CBBF422D73B79006E395B /* main.m */ = {isa = PBXFileReference; lastKnownFileType = sourcecode.c.objc; path = main.m; sourceTree = "<group>"; };
		DD6CBBFA22D73B7A006E395B /* PDLaunchManagerTests.xctest */ = {isa = PBXFileReference; explicitFileType = wrapper.cfbundle; includeInIndex = 0; path = PDLaunchManagerTests.xctest; sourceTree = BUILT_PRODUCTS_DIR; };
		DD6CBBFE22D73B7A006E395B /* PDLaunchManagerTests.m */ = {isa = PBXFileReference; lastKnownFileType = sourcecode.c.objc; path = PDLaunchManagerTests.m; sourceTree = "<group>"; };
		DD6CBC0022D73B7A006E395B /* Info.plist */ = {isa = PBXFileReference; lastKnownFileType = text.plist.xml; path = Info.plist; sourceTree = "<group>"; };
		DD6CBC0522D73B7A006E395B /* PDLaunchManagerUITests.xctest */ = {isa = PBXFileReference; explicitFileType = wrapper.cfbundle; includeInIndex = 0; path = PDLaunchManagerUITests.xctest; sourceTree = BUILT_PRODUCTS_DIR; };
		DD6CBC0922D73B7A006E395B /* PDLaunchManagerUITests.m */ = {isa = PBXFileReference; lastKnownFileType = sourcecode.c.objc; path = PDLaunchManagerUITests.m; sourceTree = "<group>"; };
		DD6CBC0B22D73B7A006E395B /* Info.plist */ = {isa = PBXFileReference; lastKnownFileType = text.plist.xml; path = Info.plist; sourceTree = "<group>"; };
		DD6CBC1B22D73BB1006E395B /* PDLaunchTask.h */ = {isa = PBXFileReference; lastKnownFileType = sourcecode.c.h; path = PDLaunchTask.h; sourceTree = "<group>"; };
		DD6CBC1C22D73BB1006E395B /* PDLaunchTask.m */ = {isa = PBXFileReference; lastKnownFileType = sourcecode.c.objc; path = PDLaunchTask.m; sourceTree = "<group>"; };
		DD6CBC1E22D73BBC006E395B /* PDLaunchManager.h */ = {isa = PBXFileReference; lastKnownFileType = sourcecode.c.h; path = PDLaunchManager.h; sourceTree = "<group>"; };
		DD6CBC1F22D73BBC006E395B /* PDLaunchManager.m */ = {isa = PBXFileReference; lastKnownFileType = sourcecode.c.objc; path = PDLaunchManager.m; sourceTree = "<group>"; };
		DD6CBC2422D7436C006E395B /* PDTest1LaunchTask.h */ = {isa = PBXFileReference; lastKnownFileType = sourcecode.c.h; path = PDTest1LaunchTask.h; sourceTree = "<group>"; };
		DD6CBC2522D7436C006E395B /* PDTest1LaunchTask.m */ = {isa = PBXFileReference; lastKnownFileType = sourcecode.c.objc; path = PDTest1LaunchTask.m; sourceTree = "<group>"; };
		DD6CBC2822D743C6006E395B /* PDTest2LaunchTask.h */ = {isa = PBXFileReference; lastKnownFileType = sourcecode.c.h; path = PDTest2LaunchTask.h; sourceTree = "<group>"; };
		DD6CBC2922D743C6006E395B /* PDTest2LaunchTask.m */ = {isa = PBXFileReference; lastKnownFileType = sourcecode.c.objc; path = PDTest2LaunchTask.m; sourceTree = "<group>"; };
		DD6CBC2E22D743F4006E395B /* PDTest3LaunchTask.h */ = {isa = PBXFileReference; lastKnownFileType = sourcecode.c.h; path = PDTest3LaunchTask.h; sourceTree = "<group>"; };
		DD6CBC2F22D743F4006E395B /* PDTest3LaunchTask.m */ = {isa = PBXFileReference; lastKnownFileType = sourcecode.c.objc; path = PDTest3LaunchTask.m; sourceTree = "<group>"; };
		DD6CBC3122D7440F006E395B /* PDTest4LaunchTask.h */ = {isa = PBXFileReference; lastKnownFileType = sourcecode.c.h; path = PDTest4LaunchTask.h; sourceTree = "<group>"; };
		DD6CBC3222D7440F006E395B /* PDTest4LaunchTask.m */ = {isa = PBXFileReference; lastKnownFileType = sourcecode.c.objc; path = PDTest4LaunchTask.m; sourceTree = "<group>"; };
		DD6CBC3422D74452006E395B /* PDTest5LaunchTask.h */ = {isa = PBXFileReference; lastKnownFileType = sourcecode.c.h; path = PDTest5LaunchTask.h; sourceTree = "<group>"; };
		DD6CBC3522D74452006E395B /* PDTest5LaunchTask.m */ = {isa = PBXFileReference; lastKnownFileType = sourcecode.c.objc; path = PDTest5LaunchTask.m; sourceTree = "<group>"; };
		DD6CBC3722D74470006E395B /* PDTest6LaunchTask.h */ = {isa = PBXFileReference; lastKnownFileType = sourcecode.c.h; path = PDTest6LaunchTask.h; sourceTree = "<group>"; };
		DD6CBC3822D74470006E395B /* PDTest6LaunchTask.m */ = {isa = PBXFileReference; lastKnownFileType = sourcecode.c.objc; path = PDTest6LaunchTask.m; sourceTree = "<group>"; };
		DD6CBC3A22D74478006E395B /* PDTest7LaunchTask.h */ = {isa = PBXFileReference; lastKnownFileType = sourcecode.c.h; path = PDTest7LaunchTask.h; sourceTree = "<group>"; };
		DD6CBC3B22D74478006E395B /* PDTest7LaunchTask.m */ = {isa = PBXFileReference; lastKnownFileType = sourcecode.c.objc; path = PDTest7LaunchTask.m; sourceTree = "<group>"; };
		DD6CBC3D22D74482006E395B /* PDTest8LaunchTask.h */ = {isa = PBXFileReference; lastKnownFileType = sourcecode.c.h; path = PDTest8LaunchTask.h; sourceTree = "<group>"; };
		DD6CBC3E22D74482006E395B /* PDTest8LaunchTask.m */ = {isa = PBXFileReference; lastKnownFileType = sourcecode.c.objc; path = PDTest8LaunchTask.m; sourceTree = "<group>"; };
		DD6CBC4022D7448B006E395B /* PDTest9LaunchTask.h */ = {isa = PBXFileReference; lastKnownFileType = sourcecode.c.h; path = PDTest9LaunchTask.h; sourceTree = "<group>"; };
		DD6CBC4122D7448B006E395B /* PDTest9LaunchTask.m */ = {isa = PBXFileReference; lastKnownFileType = sourcecode.c.objc; path = PDTest9LaunchTask.m; sourceTree = "<group>"; };
		DD6CBC4322D74494006E395B /* PDTest10LaunchTask.h */ = {isa = PBXFileReference; lastKnownFileType = sourcecode.c.h; path = PDTest10LaunchTask.h; sourceTree = "<group>"; };
		DD6CBC4422D74494006E395B /* PDTest10LaunchTask.m */ = {isa = PBXFileReference; lastKnownFileType = sourcecode.c.objc; path = PDTest10LaunchTask.m; sourceTree = "<group>"; };
		DD6CBC4622D7449F006E395B /* PDTest11LaunchTask.h */ = {isa = PBXFileReference; lastKnownFileType = sourcecode.c.h; path = PDTest11LaunchTask.h; sourceTree = "<group>"; };
		DD6CBC4722D7449F006E395B /* PDTest11LaunchTask.m */ = {isa = PBXFileReference; lastKnownFileType = sourcecode.c.objc; path = PDTest11LaunchTask.m; sourceTree = "<group>"; };
		DD6CBC4922D744AA006E395B /* PDTest12LaunchTask.h */ = {isa = PBXFileReference; lastKnownFileType = sourcecode.c.h; path = PDTest12LaunchTask.h; sourceTree = "<group>"; };
		DD6CBC4A22D744AA006E395B /* PDTest12LaunchTask.m */ = {isa = PBXFileReference; lastKnownFileType = sourcecode.c.objc; path = PDTest12LaunchTask.m; sourceTree = "<group>"; };
		DD6CBC4C22D744B3006E395B /* PDTest13LaunchTask.h */ = {isa = PBXFileReference; lastKnownFileType = sourcecode.c.h; path = PDTest13LaunchTask.h; sourceTree = "<group>"; };
		DD6CBC4D22D744B3006E395B /* PDTest13LaunchTask.m */ = {isa = PBXFileReference; lastKnownFileType = sourcecode.c.objc; path = PDTest13LaunchTask.m; sourceTree = "<group>"; };
		DD6CBC4F22D744BD006E395B /* PDTest14LaunchTask.h */ = {isa = PBXFileReference; lastKnownFileType = sourcecode.c.h; path = PDTest14LaunchTask.h; sourceTree = "<group>"; };
		DD6CBC5022D744BD006E395B /* PDTest14LaunchTask.m */ = {isa = PBXFileReference; lastKnownFileType = sourcecode.c.objc; path = PDTest14LaunchTask.m; sourceTree = "<group>"; };
		DDD98DE422E84CD900944A7F /* PDLaunchTaskInternal.h */ = {isa = PBXFileReference; lastKnownFileType = sourcecode.c.h; path = PDLaunchTaskInternal.h; sourceTree = "<group>"; };
		E134F6BD33FEFD73EB6A24E3 /* Pods-PDLaunchManagerUITests.release.xcconfig */ = {isa = PBXFileReference; includeInIndex = 1; lastKnownFileType = text.xcconfig; name = "Pods-PDLaunchManagerUITests.release.xcconfig"; path = "Pods/Target Support Files/Pods-PDLaunchManagerUITests/Pods-PDLaunchManagerUITests.release.xcconfig"; sourceTree = "<group>"; };
/* End PBXFileReference section */

/* Begin PBXFrameworksBuildPhase section */
		DD6CBBDF22D73B77006E395B /* Frameworks */ = {
			isa = PBXFrameworksBuildPhase;
			buildActionMask = 2147483647;
			files = (
				5C891A0242290D0A834530E3 /* libPods-PDLaunchManager.a in Frameworks */,
			);
			runOnlyForDeploymentPostprocessing = 0;
		};
		DD6CBBF722D73B7A006E395B /* Frameworks */ = {
			isa = PBXFrameworksBuildPhase;
			buildActionMask = 2147483647;
			files = (
				58049AC5D4D3E533E266FB78 /* libPods-PDLaunchManagerTests.a in Frameworks */,
			);
			runOnlyForDeploymentPostprocessing = 0;
		};
		DD6CBC0222D73B7A006E395B /* Frameworks */ = {
			isa = PBXFrameworksBuildPhase;
			buildActionMask = 2147483647;
			files = (
				E18BDD797FE95BF8408E54DC /* libPods-PDLaunchManagerUITests.a in Frameworks */,
			);
			runOnlyForDeploymentPostprocessing = 0;
		};
/* End PBXFrameworksBuildPhase section */

/* Begin PBXGroup section */
		B6832386E3FE9831397CD21B /* Pods */ = {
			isa = PBXGroup;
			children = (
				B99E58C0EAD7B7D1EBD7CE11 /* Pods-PDLaunchManager.debug.xcconfig */,
				CB2B0E21DC661E3702EBAEC2 /* Pods-PDLaunchManager.release.xcconfig */,
				A734244493F33CF89C4C98E4 /* Pods-PDLaunchManagerTests.debug.xcconfig */,
				D1D2488D775AE7BA89F549BE /* Pods-PDLaunchManagerTests.release.xcconfig */,
				0B2380FAA86F8163B546AD59 /* Pods-PDLaunchManagerUITests.debug.xcconfig */,
				E134F6BD33FEFD73EB6A24E3 /* Pods-PDLaunchManagerUITests.release.xcconfig */,
			);
			name = Pods;
			sourceTree = "<group>";
		};
		B86179D30311B17C25F58A90 /* Frameworks */ = {
			isa = PBXGroup;
			children = (
				72AA285FE09A8BF346D9240D /* libPods-PDLaunchManager.a */,
				C8192DA3AC9C8A27B22336D7 /* libPods-PDLaunchManagerTests.a */,
				271497DB7F86574F1CF12B11 /* libPods-PDLaunchManagerUITests.a */,
			);
			name = Frameworks;
			sourceTree = "<group>";
		};
		DD6CBBD922D73B77006E395B = {
			isa = PBXGroup;
			children = (
				DD6CBBE422D73B77006E395B /* PDLaunchManager */,
				DD6CBBFD22D73B7A006E395B /* PDLaunchManagerTests */,
				DD6CBC0822D73B7A006E395B /* PDLaunchManagerUITests */,
				DD6CBBE322D73B77006E395B /* Products */,
				B6832386E3FE9831397CD21B /* Pods */,
				B86179D30311B17C25F58A90 /* Frameworks */,
			);
			sourceTree = "<group>";
		};
		DD6CBBE322D73B77006E395B /* Products */ = {
			isa = PBXGroup;
			children = (
				DD6CBBE222D73B77006E395B /* PDLaunchManager.app */,
				DD6CBBFA22D73B7A006E395B /* PDLaunchManagerTests.xctest */,
				DD6CBC0522D73B7A006E395B /* PDLaunchManagerUITests.xctest */,
			);
			name = Products;
			sourceTree = "<group>";
		};
		DD6CBBE422D73B77006E395B /* PDLaunchManager */ = {
			isa = PBXGroup;
			children = (
				DD6CBC2722D743AE006E395B /* Test */,
				DD6CBC1722D73B84006E395B /* Source */,
				DD6CBBE522D73B77006E395B /* AppDelegate.h */,
				DD6CBBE622D73B77006E395B /* AppDelegate.m */,
				DD6CBBE822D73B77006E395B /* ViewController.h */,
				DD6CBBE922D73B77006E395B /* ViewController.m */,
				DD6CBBEB22D73B77006E395B /* Main.storyboard */,
				DD6CBBEE22D73B79006E395B /* Assets.xcassets */,
				DD6CBBF022D73B79006E395B /* LaunchScreen.storyboard */,
				DD6CBBF322D73B79006E395B /* Info.plist */,
				DD6CBBF422D73B79006E395B /* main.m */,
			);
			path = PDLaunchManager;
			sourceTree = "<group>";
		};
		DD6CBBFD22D73B7A006E395B /* PDLaunchManagerTests */ = {
			isa = PBXGroup;
			children = (
				DD6CBBFE22D73B7A006E395B /* PDLaunchManagerTests.m */,
				DD6CBC0022D73B7A006E395B /* Info.plist */,
			);
			path = PDLaunchManagerTests;
			sourceTree = "<group>";
		};
		DD6CBC0822D73B7A006E395B /* PDLaunchManagerUITests */ = {
			isa = PBXGroup;
			children = (
				DD6CBC0922D73B7A006E395B /* PDLaunchManagerUITests.m */,
				DD6CBC0B22D73B7A006E395B /* Info.plist */,
			);
			path = PDLaunchManagerUITests;
			sourceTree = "<group>";
		};
		DD6CBC1722D73B84006E395B /* Source */ = {
			isa = PBXGroup;
			children = (
				DDD98DE422E84CD900944A7F /* PDLaunchTaskInternal.h */,
				DD6CBC1B22D73BB1006E395B /* PDLaunchTask.h */,
				DD6CBC1C22D73BB1006E395B /* PDLaunchTask.m */,
				DD6CBC1E22D73BBC006E395B /* PDLaunchManager.h */,
				DD6CBC1F22D73BBC006E395B /* PDLaunchManager.m */,
			);
			path = Source;
			sourceTree = "<group>";
		};
		DD6CBC2722D743AE006E395B /* Test */ = {
			isa = PBXGroup;
			children = (
				DD6CBC2422D7436C006E395B /* PDTest1LaunchTask.h */,
				DD6CBC2522D7436C006E395B /* PDTest1LaunchTask.m */,
				DD6CBC2822D743C6006E395B /* PDTest2LaunchTask.h */,
				DD6CBC2922D743C6006E395B /* PDTest2LaunchTask.m */,
				DD6CBC2E22D743F4006E395B /* PDTest3LaunchTask.h */,
				DD6CBC2F22D743F4006E395B /* PDTest3LaunchTask.m */,
				DD6CBC3122D7440F006E395B /* PDTest4LaunchTask.h */,
				DD6CBC3222D7440F006E395B /* PDTest4LaunchTask.m */,
				DD6CBC3422D74452006E395B /* PDTest5LaunchTask.h */,
				DD6CBC3522D74452006E395B /* PDTest5LaunchTask.m */,
				DD6CBC3722D74470006E395B /* PDTest6LaunchTask.h */,
				DD6CBC3822D74470006E395B /* PDTest6LaunchTask.m */,
				DD6CBC3A22D74478006E395B /* PDTest7LaunchTask.h */,
				DD6CBC3B22D74478006E395B /* PDTest7LaunchTask.m */,
				DD6CBC3D22D74482006E395B /* PDTest8LaunchTask.h */,
				DD6CBC3E22D74482006E395B /* PDTest8LaunchTask.m */,
				DD6CBC4022D7448B006E395B /* PDTest9LaunchTask.h */,
				DD6CBC4122D7448B006E395B /* PDTest9LaunchTask.m */,
				DD6CBC4322D74494006E395B /* PDTest10LaunchTask.h */,
				DD6CBC4422D74494006E395B /* PDTest10LaunchTask.m */,
				DD6CBC4622D7449F006E395B /* PDTest11LaunchTask.h */,
				DD6CBC4722D7449F006E395B /* PDTest11LaunchTask.m */,
				DD6CBC4922D744AA006E395B /* PDTest12LaunchTask.h */,
				DD6CBC4A22D744AA006E395B /* PDTest12LaunchTask.m */,
				DD6CBC4C22D744B3006E395B /* PDTest13LaunchTask.h */,
				DD6CBC4D22D744B3006E395B /* PDTest13LaunchTask.m */,
				DD6CBC4F22D744BD006E395B /* PDTest14LaunchTask.h */,
				DD6CBC5022D744BD006E395B /* PDTest14LaunchTask.m */,
			);
			path = Test;
			sourceTree = "<group>";
		};
/* End PBXGroup section */

/* Begin PBXNativeTarget section */
		DD6CBBE122D73B77006E395B /* PDLaunchManager */ = {
			isa = PBXNativeTarget;
			buildConfigurationList = DD6CBC0E22D73B7A006E395B /* Build configuration list for PBXNativeTarget "PDLaunchManager" */;
			buildPhases = (
				AF6E90618C709830B0CF1512 /* [CP] Check Pods Manifest.lock */,
				DD6CBBDE22D73B77006E395B /* Sources */,
				DD6CBBDF22D73B77006E395B /* Frameworks */,
				DD6CBBE022D73B77006E395B /* Resources */,
			);
			buildRules = (
			);
			dependencies = (
			);
			name = PDLaunchManager;
			productName = PDLaunchManager;
			productReference = DD6CBBE222D73B77006E395B /* PDLaunchManager.app */;
			productType = "com.apple.product-type.application";
		};
		DD6CBBF922D73B7A006E395B /* PDLaunchManagerTests */ = {
			isa = PBXNativeTarget;
			buildConfigurationList = DD6CBC1122D73B7A006E395B /* Build configuration list for PBXNativeTarget "PDLaunchManagerTests" */;
			buildPhases = (
				2FF747208311E3E9C2A7D937 /* [CP] Check Pods Manifest.lock */,
				DD6CBBF622D73B7A006E395B /* Sources */,
				DD6CBBF722D73B7A006E395B /* Frameworks */,
				DD6CBBF822D73B7A006E395B /* Resources */,
			);
			buildRules = (
			);
			dependencies = (
				DD6CBBFC22D73B7A006E395B /* PBXTargetDependency */,
			);
			name = PDLaunchManagerTests;
			productName = PDLaunchManagerTests;
			productReference = DD6CBBFA22D73B7A006E395B /* PDLaunchManagerTests.xctest */;
			productType = "com.apple.product-type.bundle.unit-test";
		};
		DD6CBC0422D73B7A006E395B /* PDLaunchManagerUITests */ = {
			isa = PBXNativeTarget;
			buildConfigurationList = DD6CBC1422D73B7A006E395B /* Build configuration list for PBXNativeTarget "PDLaunchManagerUITests" */;
			buildPhases = (
				11D825F9225E788D88817B41 /* [CP] Check Pods Manifest.lock */,
				DD6CBC0122D73B7A006E395B /* Sources */,
				DD6CBC0222D73B7A006E395B /* Frameworks */,
				DD6CBC0322D73B7A006E395B /* Resources */,
			);
			buildRules = (
			);
			dependencies = (
				DD6CBC0722D73B7A006E395B /* PBXTargetDependency */,
			);
			name = PDLaunchManagerUITests;
			productName = PDLaunchManagerUITests;
			productReference = DD6CBC0522D73B7A006E395B /* PDLaunchManagerUITests.xctest */;
			productType = "com.apple.product-type.bundle.ui-testing";
		};
/* End PBXNativeTarget section */

/* Begin PBXProject section */
		DD6CBBDA22D73B77006E395B /* Project object */ = {
			isa = PBXProject;
			attributes = {
				LastUpgradeCheck = 1010;
				ORGANIZATIONNAME = liang;
				TargetAttributes = {
					DD6CBBE122D73B77006E395B = {
						CreatedOnToolsVersion = 10.1;
					};
					DD6CBBF922D73B7A006E395B = {
						CreatedOnToolsVersion = 10.1;
						TestTargetID = DD6CBBE122D73B77006E395B;
					};
					DD6CBC0422D73B7A006E395B = {
						CreatedOnToolsVersion = 10.1;
						TestTargetID = DD6CBBE122D73B77006E395B;
					};
				};
			};
			buildConfigurationList = DD6CBBDD22D73B77006E395B /* Build configuration list for PBXProject "PDLaunchManager" */;
			compatibilityVersion = "Xcode 9.3";
			developmentRegion = en;
			hasScannedForEncodings = 0;
			knownRegions = (
				en,
				Base,
			);
			mainGroup = DD6CBBD922D73B77006E395B;
			productRefGroup = DD6CBBE322D73B77006E395B /* Products */;
			projectDirPath = "";
			projectRoot = "";
			targets = (
				DD6CBBE122D73B77006E395B /* PDLaunchManager */,
				DD6CBBF922D73B7A006E395B /* PDLaunchManagerTests */,
				DD6CBC0422D73B7A006E395B /* PDLaunchManagerUITests */,
			);
		};
/* End PBXProject section */

/* Begin PBXResourcesBuildPhase section */
		DD6CBBE022D73B77006E395B /* Resources */ = {
			isa = PBXResourcesBuildPhase;
			buildActionMask = 2147483647;
			files = (
				DD6CBBF222D73B79006E395B /* LaunchScreen.storyboard in Resources */,
				DD6CBBEF22D73B79006E395B /* Assets.xcassets in Resources */,
				DD6CBBED22D73B77006E395B /* Main.storyboard in Resources */,
			);
			runOnlyForDeploymentPostprocessing = 0;
		};
		DD6CBBF822D73B7A006E395B /* Resources */ = {
			isa = PBXResourcesBuildPhase;
			buildActionMask = 2147483647;
			files = (
			);
			runOnlyForDeploymentPostprocessing = 0;
		};
		DD6CBC0322D73B7A006E395B /* Resources */ = {
			isa = PBXResourcesBuildPhase;
			buildActionMask = 2147483647;
			files = (
			);
			runOnlyForDeploymentPostprocessing = 0;
		};
/* End PBXResourcesBuildPhase section */

/* Begin PBXShellScriptBuildPhase section */
		11D825F9225E788D88817B41 /* [CP] Check Pods Manifest.lock */ = {
			isa = PBXShellScriptBuildPhase;
			buildActionMask = 2147483647;
			files = (
			);
			inputFileListPaths = (
			);
			inputPaths = (
				"${PODS_PODFILE_DIR_PATH}/Podfile.lock",
				"${PODS_ROOT}/Manifest.lock",
			);
			name = "[CP] Check Pods Manifest.lock";
			outputFileListPaths = (
			);
			outputPaths = (
				"$(DERIVED_FILE_DIR)/Pods-PDLaunchManagerUITests-checkManifestLockResult.txt",
			);
			runOnlyForDeploymentPostprocessing = 0;
			shellPath = /bin/sh;
			shellScript = "diff \"${PODS_PODFILE_DIR_PATH}/Podfile.lock\" \"${PODS_ROOT}/Manifest.lock\" > /dev/null\nif [ $? != 0 ] ; then\n    # print error to STDERR\n    echo \"error: The sandbox is not in sync with the Podfile.lock. Run 'pod install' or update your CocoaPods installation.\" >&2\n    exit 1\nfi\n# This output is used by Xcode 'outputs' to avoid re-running this script phase.\necho \"SUCCESS\" > \"${SCRIPT_OUTPUT_FILE_0}\"\n";
			showEnvVarsInLog = 0;
		};
		2FF747208311E3E9C2A7D937 /* [CP] Check Pods Manifest.lock */ = {
			isa = PBXShellScriptBuildPhase;
			buildActionMask = 2147483647;
			files = (
			);
			inputFileListPaths = (
			);
			inputPaths = (
				"${PODS_PODFILE_DIR_PATH}/Podfile.lock",
				"${PODS_ROOT}/Manifest.lock",
			);
			name = "[CP] Check Pods Manifest.lock";
			outputFileListPaths = (
			);
			outputPaths = (
				"$(DERIVED_FILE_DIR)/Pods-PDLaunchManagerTests-checkManifestLockResult.txt",
			);
			runOnlyForDeploymentPostprocessing = 0;
			shellPath = /bin/sh;
			shellScript = "diff \"${PODS_PODFILE_DIR_PATH}/Podfile.lock\" \"${PODS_ROOT}/Manifest.lock\" > /dev/null\nif [ $? != 0 ] ; then\n    # print error to STDERR\n    echo \"error: The sandbox is not in sync with the Podfile.lock. Run 'pod install' or update your CocoaPods installation.\" >&2\n    exit 1\nfi\n# This output is used by Xcode 'outputs' to avoid re-running this script phase.\necho \"SUCCESS\" > \"${SCRIPT_OUTPUT_FILE_0}\"\n";
			showEnvVarsInLog = 0;
		};
		AF6E90618C709830B0CF1512 /* [CP] Check Pods Manifest.lock */ = {
			isa = PBXShellScriptBuildPhase;
			buildActionMask = 2147483647;
			files = (
			);
			inputFileListPaths = (
			);
			inputPaths = (
				"${PODS_PODFILE_DIR_PATH}/Podfile.lock",
				"${PODS_ROOT}/Manifest.lock",
			);
			name = "[CP] Check Pods Manifest.lock";
			outputFileListPaths = (
			);
			outputPaths = (
				"$(DERIVED_FILE_DIR)/Pods-PDLaunchManager-checkManifestLockResult.txt",
			);
			runOnlyForDeploymentPostprocessing = 0;
			shellPath = /bin/sh;
			shellScript = "diff \"${PODS_PODFILE_DIR_PATH}/Podfile.lock\" \"${PODS_ROOT}/Manifest.lock\" > /dev/null\nif [ $? != 0 ] ; then\n    # print error to STDERR\n    echo \"error: The sandbox is not in sync with the Podfile.lock. Run 'pod install' or update your CocoaPods installation.\" >&2\n    exit 1\nfi\n# This output is used by Xcode 'outputs' to avoid re-running this script phase.\necho \"SUCCESS\" > \"${SCRIPT_OUTPUT_FILE_0}\"\n";
			showEnvVarsInLog = 0;
		};
/* End PBXShellScriptBuildPhase section */

/* Begin PBXSourcesBuildPhase section */
		DD6CBBDE22D73B77006E395B /* Sources */ = {
			isa = PBXSourcesBuildPhase;
			buildActionMask = 2147483647;
			files = (
				DD6CBBEA22D73B77006E395B /* ViewController.m in Sources */,
				DD6CBC4822D7449F006E395B /* PDTest11LaunchTask.m in Sources */,
				DD6CBC4B22D744AA006E395B /* PDTest12LaunchTask.m in Sources */,
				DD6CBBF522D73B79006E395B /* main.m in Sources */,
				DD6CBC4522D74494006E395B /* PDTest10LaunchTask.m in Sources */,
				DD6CBC3322D7440F006E395B /* PDTest4LaunchTask.m in Sources */,
				DD6CBC3C22D74478006E395B /* PDTest7LaunchTask.m in Sources */,
				DD6CBC4E22D744B3006E395B /* PDTest13LaunchTask.m in Sources */,
				DD6CBC2A22D743C6006E395B /* PDTest2LaunchTask.m in Sources */,
				DD6CBBE722D73B77006E395B /* AppDelegate.m in Sources */,
				DD6CBC3022D743F4006E395B /* PDTest3LaunchTask.m in Sources */,
				DD6CBC4222D7448B006E395B /* PDTest9LaunchTask.m in Sources */,
				DD6CBC2022D73BBC006E395B /* PDLaunchManager.m in Sources */,
				DD6CBC3622D74452006E395B /* PDTest5LaunchTask.m in Sources */,
				DD6CBC1D22D73BB1006E395B /* PDLaunchTask.m in Sources */,
				DD6CBC2622D7436C006E395B /* PDTest1LaunchTask.m in Sources */,
				DD6CBC3922D74470006E395B /* PDTest6LaunchTask.m in Sources */,
				DD6CBC3F22D74482006E395B /* PDTest8LaunchTask.m in Sources */,
				DD6CBC5122D744BD006E395B /* PDTest14LaunchTask.m in Sources */,
			);
			runOnlyForDeploymentPostprocessing = 0;
		};
		DD6CBBF622D73B7A006E395B /* Sources */ = {
			isa = PBXSourcesBuildPhase;
			buildActionMask = 2147483647;
			files = (
				DD6CBBFF22D73B7A006E395B /* PDLaunchManagerTests.m in Sources */,
			);
			runOnlyForDeploymentPostprocessing = 0;
		};
		DD6CBC0122D73B7A006E395B /* Sources */ = {
			isa = PBXSourcesBuildPhase;
			buildActionMask = 2147483647;
			files = (
				DD6CBC0A22D73B7A006E395B /* PDLaunchManagerUITests.m in Sources */,
			);
			runOnlyForDeploymentPostprocessing = 0;
		};
/* End PBXSourcesBuildPhase section */

/* Begin PBXTargetDependency section */
		DD6CBBFC22D73B7A006E395B /* PBXTargetDependency */ = {
			isa = PBXTargetDependency;
			target = DD6CBBE122D73B77006E395B /* PDLaunchManager */;
			targetProxy = DD6CBBFB22D73B7A006E395B /* PBXContainerItemProxy */;
		};
		DD6CBC0722D73B7A006E395B /* PBXTargetDependency */ = {
			isa = PBXTargetDependency;
			target = DD6CBBE122D73B77006E395B /* PDLaunchManager */;
			targetProxy = DD6CBC0622D73B7A006E395B /* PBXContainerItemProxy */;
		};
/* End PBXTargetDependency section */

/* Begin PBXVariantGroup section */
		DD6CBBEB22D73B77006E395B /* Main.storyboard */ = {
			isa = PBXVariantGroup;
			children = (
				DD6CBBEC22D73B77006E395B /* Base */,
			);
			name = Main.storyboard;
			sourceTree = "<group>";
		};
		DD6CBBF022D73B79006E395B /* LaunchScreen.storyboard */ = {
			isa = PBXVariantGroup;
			children = (
				DD6CBBF122D73B79006E395B /* Base */,
			);
			name = LaunchScreen.storyboard;
			sourceTree = "<group>";
		};
/* End PBXVariantGroup section */

/* Begin XCBuildConfiguration section */
		DD6CBC0C22D73B7A006E395B /* Debug */ = {
			isa = XCBuildConfiguration;
			buildSettings = {
				ALWAYS_SEARCH_USER_PATHS = NO;
				CLANG_ANALYZER_NONNULL = YES;
				CLANG_ANALYZER_NUMBER_OBJECT_CONVERSION = YES_AGGRESSIVE;
				CLANG_CXX_LANGUAGE_STANDARD = "gnu++14";
				CLANG_CXX_LIBRARY = "libc++";
				CLANG_ENABLE_MODULES = YES;
				CLANG_ENABLE_OBJC_ARC = YES;
				CLANG_ENABLE_OBJC_WEAK = YES;
				CLANG_WARN_BLOCK_CAPTURE_AUTORELEASING = YES;
				CLANG_WARN_BOOL_CONVERSION = YES;
				CLANG_WARN_COMMA = YES;
				CLANG_WARN_CONSTANT_CONVERSION = YES;
				CLANG_WARN_DEPRECATED_OBJC_IMPLEMENTATIONS = YES;
				CLANG_WARN_DIRECT_OBJC_ISA_USAGE = YES_ERROR;
				CLANG_WARN_DOCUMENTATION_COMMENTS = YES;
				CLANG_WARN_EMPTY_BODY = YES;
				CLANG_WARN_ENUM_CONVERSION = YES;
				CLANG_WARN_INFINITE_RECURSION = YES;
				CLANG_WARN_INT_CONVERSION = YES;
				CLANG_WARN_NON_LITERAL_NULL_CONVERSION = YES;
				CLANG_WARN_OBJC_IMPLICIT_RETAIN_SELF = YES;
				CLANG_WARN_OBJC_LITERAL_CONVERSION = YES;
				CLANG_WARN_OBJC_ROOT_CLASS = YES_ERROR;
				CLANG_WARN_RANGE_LOOP_ANALYSIS = YES;
				CLANG_WARN_STRICT_PROTOTYPES = YES;
				CLANG_WARN_SUSPICIOUS_MOVE = YES;
				CLANG_WARN_UNGUARDED_AVAILABILITY = YES_AGGRESSIVE;
				CLANG_WARN_UNREACHABLE_CODE = YES;
				CLANG_WARN__DUPLICATE_METHOD_MATCH = YES;
				CODE_SIGN_IDENTITY = "iPhone Developer";
				COPY_PHASE_STRIP = NO;
				DEBUG_INFORMATION_FORMAT = dwarf;
				ENABLE_STRICT_OBJC_MSGSEND = YES;
				ENABLE_TESTABILITY = YES;
				GCC_C_LANGUAGE_STANDARD = gnu11;
				GCC_DYNAMIC_NO_PIC = NO;
				GCC_NO_COMMON_BLOCKS = YES;
				GCC_OPTIMIZATION_LEVEL = 0;
				GCC_PREPROCESSOR_DEFINITIONS = (
					"DEBUG=1",
					"$(inherited)",
				);
				GCC_WARN_64_TO_32_BIT_CONVERSION = YES;
				GCC_WARN_ABOUT_RETURN_TYPE = YES_ERROR;
				GCC_WARN_UNDECLARED_SELECTOR = YES;
				GCC_WARN_UNINITIALIZED_AUTOS = YES_AGGRESSIVE;
				GCC_WARN_UNUSED_FUNCTION = YES;
				GCC_WARN_UNUSED_VARIABLE = YES;
				IPHONEOS_DEPLOYMENT_TARGET = 12.1;
				MTL_ENABLE_DEBUG_INFO = INCLUDE_SOURCE;
				MTL_FAST_MATH = YES;
				ONLY_ACTIVE_ARCH = YES;
				SDKROOT = iphoneos;
			};
			name = Debug;
		};
		DD6CBC0D22D73B7A006E395B /* Release */ = {
			isa = XCBuildConfiguration;
			buildSettings = {
				ALWAYS_SEARCH_USER_PATHS = NO;
				CLANG_ANALYZER_NONNULL = YES;
				CLANG_ANALYZER_NUMBER_OBJECT_CONVERSION = YES_AGGRESSIVE;
				CLANG_CXX_LANGUAGE_STANDARD = "gnu++14";
				CLANG_CXX_LIBRARY = "libc++";
				CLANG_ENABLE_MODULES = YES;
				CLANG_ENABLE_OBJC_ARC = YES;
				CLANG_ENABLE_OBJC_WEAK = YES;
				CLANG_WARN_BLOCK_CAPTURE_AUTORELEASING = YES;
				CLANG_WARN_BOOL_CONVERSION = YES;
				CLANG_WARN_COMMA = YES;
				CLANG_WARN_CONSTANT_CONVERSION = YES;
				CLANG_WARN_DEPRECATED_OBJC_IMPLEMENTATIONS = YES;
				CLANG_WARN_DIRECT_OBJC_ISA_USAGE = YES_ERROR;
				CLANG_WARN_DOCUMENTATION_COMMENTS = YES;
				CLANG_WARN_EMPTY_BODY = YES;
				CLANG_WARN_ENUM_CONVERSION = YES;
				CLANG_WARN_INFINITE_RECURSION = YES;
				CLANG_WARN_INT_CONVERSION = YES;
				CLANG_WARN_NON_LITERAL_NULL_CONVERSION = YES;
				CLANG_WARN_OBJC_IMPLICIT_RETAIN_SELF = YES;
				CLANG_WARN_OBJC_LITERAL_CONVERSION = YES;
				CLANG_WARN_OBJC_ROOT_CLASS = YES_ERROR;
				CLANG_WARN_RANGE_LOOP_ANALYSIS = YES;
				CLANG_WARN_STRICT_PROTOTYPES = YES;
				CLANG_WARN_SUSPICIOUS_MOVE = YES;
				CLANG_WARN_UNGUARDED_AVAILABILITY = YES_AGGRESSIVE;
				CLANG_WARN_UNREACHABLE_CODE = YES;
				CLANG_WARN__DUPLICATE_METHOD_MATCH = YES;
				CODE_SIGN_IDENTITY = "iPhone Developer";
				COPY_PHASE_STRIP = NO;
				DEBUG_INFORMATION_FORMAT = "dwarf-with-dsym";
				ENABLE_NS_ASSERTIONS = NO;
				ENABLE_STRICT_OBJC_MSGSEND = YES;
				GCC_C_LANGUAGE_STANDARD = gnu11;
				GCC_NO_COMMON_BLOCKS = YES;
				GCC_WARN_64_TO_32_BIT_CONVERSION = YES;
				GCC_WARN_ABOUT_RETURN_TYPE = YES_ERROR;
				GCC_WARN_UNDECLARED_SELECTOR = YES;
				GCC_WARN_UNINITIALIZED_AUTOS = YES_AGGRESSIVE;
				GCC_WARN_UNUSED_FUNCTION = YES;
				GCC_WARN_UNUSED_VARIABLE = YES;
				IPHONEOS_DEPLOYMENT_TARGET = 12.1;
				MTL_ENABLE_DEBUG_INFO = NO;
				MTL_FAST_MATH = YES;
				SDKROOT = iphoneos;
				VALIDATE_PRODUCT = YES;
			};
			name = Release;
		};
		DD6CBC0F22D73B7A006E395B /* Debug */ = {
			isa = XCBuildConfiguration;
			baseConfigurationReference = B99E58C0EAD7B7D1EBD7CE11 /* Pods-PDLaunchManager.debug.xcconfig */;
			buildSettings = {
				ASSETCATALOG_COMPILER_APPICON_NAME = AppIcon;
				CODE_SIGN_STYLE = Automatic;
				INFOPLIST_FILE = PDLaunchManager/Info.plist;
				IPHONEOS_DEPLOYMENT_TARGET = 9.0;
				LD_RUNPATH_SEARCH_PATHS = (
					"$(inherited)",
					"@executable_path/Frameworks",
				);
				PRODUCT_BUNDLE_IDENTIFIER = PipeDog.PDLaunchManager;
				PRODUCT_NAME = "$(TARGET_NAME)";
				TARGETED_DEVICE_FAMILY = "1,2";
			};
			name = Debug;
		};
		DD6CBC1022D73B7A006E395B /* Release */ = {
			isa = XCBuildConfiguration;
			baseConfigurationReference = CB2B0E21DC661E3702EBAEC2 /* Pods-PDLaunchManager.release.xcconfig */;
			buildSettings = {
				ASSETCATALOG_COMPILER_APPICON_NAME = AppIcon;
				CODE_SIGN_STYLE = Automatic;
				INFOPLIST_FILE = PDLaunchManager/Info.plist;
				IPHONEOS_DEPLOYMENT_TARGET = 9.0;
				LD_RUNPATH_SEARCH_PATHS = (
					"$(inherited)",
					"@executable_path/Frameworks",
				);
				PRODUCT_BUNDLE_IDENTIFIER = PipeDog.PDLaunchManager;
				PRODUCT_NAME = "$(TARGET_NAME)";
				TARGETED_DEVICE_FAMILY = "1,2";
			};
			name = Release;
		};
		DD6CBC1222D73B7A006E395B /* Debug */ = {
			isa = XCBuildConfiguration;
			baseConfigurationReference = A734244493F33CF89C4C98E4 /* Pods-PDLaunchManagerTests.debug.xcconfig */;
			buildSettings = {
				BUNDLE_LOADER = "$(TEST_HOST)";
				CODE_SIGN_STYLE = Automatic;
				INFOPLIST_FILE = PDLaunchManagerTests/Info.plist;
				LD_RUNPATH_SEARCH_PATHS = (
					"$(inherited)",
					"@executable_path/Frameworks",
					"@loader_path/Frameworks",
				);
				PRODUCT_BUNDLE_IDENTIFIER = PipeDog.PDLaunchManagerTests;
				PRODUCT_NAME = "$(TARGET_NAME)";
				TARGETED_DEVICE_FAMILY = "1,2";
				TEST_HOST = "$(BUILT_PRODUCTS_DIR)/PDLaunchManager.app/PDLaunchManager";
			};
			name = Debug;
		};
		DD6CBC1322D73B7A006E395B /* Release */ = {
			isa = XCBuildConfiguration;
			baseConfigurationReference = D1D2488D775AE7BA89F549BE /* Pods-PDLaunchManagerTests.release.xcconfig */;
			buildSettings = {
				BUNDLE_LOADER = "$(TEST_HOST)";
				CODE_SIGN_STYLE = Automatic;
				INFOPLIST_FILE = PDLaunchManagerTests/Info.plist;
				LD_RUNPATH_SEARCH_PATHS = (
					"$(inherited)",
					"@executable_path/Frameworks",
					"@loader_path/Frameworks",
				);
				PRODUCT_BUNDLE_IDENTIFIER = PipeDog.PDLaunchManagerTests;
				PRODUCT_NAME = "$(TARGET_NAME)";
				TARGETED_DEVICE_FAMILY = "1,2";
				TEST_HOST = "$(BUILT_PRODUCTS_DIR)/PDLaunchManager.app/PDLaunchManager";
			};
			name = Release;
		};
		DD6CBC1522D73B7A006E395B /* Debug */ = {
			isa = XCBuildConfiguration;
			baseConfigurationReference = 0B2380FAA86F8163B546AD59 /* Pods-PDLaunchManagerUITests.debug.xcconfig */;
			buildSettings = {
				CODE_SIGN_STYLE = Automatic;
				INFOPLIST_FILE = PDLaunchManagerUITests/Info.plist;
				LD_RUNPATH_SEARCH_PATHS = (
					"$(inherited)",
					"@executable_path/Frameworks",
					"@loader_path/Frameworks",
				);
				PRODUCT_BUNDLE_IDENTIFIER = PipeDog.PDLaunchManagerUITests;
				PRODUCT_NAME = "$(TARGET_NAME)";
				TARGETED_DEVICE_FAMILY = "1,2";
				TEST_TARGET_NAME = PDLaunchManager;
			};
			name = Debug;
		};
		DD6CBC1622D73B7A006E395B /* Release */ = {
			isa = XCBuildConfiguration;
			baseConfigurationReference = E134F6BD33FEFD73EB6A24E3 /* Pods-PDLaunchManagerUITests.release.xcconfig */;
			buildSettings = {
				CODE_SIGN_STYLE = Automatic;
				INFOPLIST_FILE = PDLaunchManagerUITests/Info.plist;
				LD_RUNPATH_SEARCH_PATHS = (
					"$(inherited)",
					"@executable_path/Frameworks",
					"@loader_path/Frameworks",
				);
				PRODUCT_BUNDLE_IDENTIFIER = PipeDog.PDLaunchManagerUITests;
				PRODUCT_NAME = "$(TARGET_NAME)";
				TARGETED_DEVICE_FAMILY = "1,2";
				TEST_TARGET_NAME = PDLaunchManager;
			};
			name = Release;
		};
/* End XCBuildConfiguration section */

/* Begin XCConfigurationList section */
		DD6CBBDD22D73B77006E395B /* Build configuration list for PBXProject "PDLaunchManager" */ = {
			isa = XCConfigurationList;
			buildConfigurations = (
				DD6CBC0C22D73B7A006E395B /* Debug */,
				DD6CBC0D22D73B7A006E395B /* Release */,
			);
			defaultConfigurationIsVisible = 0;
			defaultConfigurationName = Release;
		};
		DD6CBC0E22D73B7A006E395B /* Build configuration list for PBXNativeTarget "PDLaunchManager" */ = {
			isa = XCConfigurationList;
			buildConfigurations = (
				DD6CBC0F22D73B7A006E395B /* Debug */,
				DD6CBC1022D73B7A006E395B /* Release */,
			);
			defaultConfigurationIsVisible = 0;
			defaultConfigurationName = Release;
		};
		DD6CBC1122D73B7A006E395B /* Build configuration list for PBXNativeTarget "PDLaunchManagerTests" */ = {
			isa = XCConfigurationList;
			buildConfigurations = (
				DD6CBC1222D73B7A006E395B /* Debug */,
				DD6CBC1322D73B7A006E395B /* Release */,
			);
			defaultConfigurationIsVisible = 0;
			defaultConfigurationName = Release;
		};
		DD6CBC1422D73B7A006E395B /* Build configuration list for PBXNativeTarget "PDLaunchManagerUITests" */ = {
			isa = XCConfigurationList;
			buildConfigurations = (
				DD6CBC1522D73B7A006E395B /* Debug */,
				DD6CBC1622D73B7A006E395B /* Release */,
			);
			defaultConfigurationIsVisible = 0;
			defaultConfigurationName = Release;
		};
/* End XCConfigurationList section */
	};
	rootObject = DD6CBBDA22D73B77006E395B /* Project object */;
}
